
Microsoft Visual Studio Solution File, Format Version 12.00
# Visual Studio Version 17
VisualStudioVersion = 17.8.34322.80
MinimumVisualStudioVersion = 10.0.40219.1
Project("{9A19103F-16F7-4668-BE54-9A1E7A4F7556}") = "SMTP", "SMTP\SMTP.csproj", "{7667FB1D-185D-44CB-A90C-95241F63F534}"
EndProject
Project("{9A19103F-16F7-4668-BE54-9A1E7A4F7556}") = "Swagger", "Swagger\Swagger.csproj", "{10B58A5E-2A78-4CAF-84BB-04B882B6F03B}"
EndProject
Project("{9A19103F-16F7-4668-BE54-9A1E7A4F7556}") = "EntityFramework", "EntityFramework\EntityFramework.csproj", "{898A24A8-6F71-40AC-8DCB-5D4F6C26DAAE}"
EndProject
Project("{9A19103F-16F7-4668-BE54-9A1E7A4F7556}") = "EntityFrameworkTests", "EntityFrameworkTests\EntityFrameworkTests.csproj", "{D4922F92-ADC1-405A-B08A-7DB89F0D391E}"
EndProject
Project("{9A19103F-16F7-4668-BE54-9A1E7A4F7556}") = "WebApi", "WebApi\WebApi.csproj", "{6C2AF157-9853-41C9-88B2-E97BED33A8FD}"
EndProject
Project("{9A19103F-16F7-4668-BE54-9A1E7A4F7556}") = "JsonSerializer", "JsonSerializer\JsonSerializer.csproj", "{745014A1-3FC6-4E96-B1BB-109C47479E4A}"
EndProject
Global
	GlobalSection(SolutionConfigurationPlatforms) = preSolution
		Debug|Any CPU = Debug|Any CPU
		Release|Any CPU = Release|Any CPU
	EndGlobalSection
	GlobalSection(ProjectConfigurationPlatforms) = postSolution
		{7667FB1D-185D-44CB-A90C-95241F63F534}.Debug|Any CPU.ActiveCfg = Debug|Any CPU
		{7667FB1D-185D-44CB-A90C-95241F63F534}.Debug|Any CPU.Build.0 = Debug|Any CPU
		{7667FB1D-185D-44CB-A90C-95241F63F534}.Release|Any CPU.ActiveCfg = Release|Any CPU
		{7667FB1D-185D-44CB-A90C-95241F63F534}.Release|Any CPU.Build.0 = Release|Any CPU
		{10B58A5E-2A78-4CAF-84BB-04B882B6F03B}.Debug|Any CPU.ActiveCfg = Debug|Any CPU
		{10B58A5E-2A78-4CAF-84BB-04B882B6F03B}.Debug|Any CPU.Build.0 = Debug|Any CPU
		{10B58A5E-2A78-4CAF-84BB-04B882B6F03B}.Release|Any CPU.ActiveCfg = Release|Any CPU
		{10B58A5E-2A78-4CAF-84BB-04B882B6F03B}.Release|Any CPU.Build.0 = Release|Any CPU
		{898A24A8-6F71-40AC-8DCB-5D4F6C26DAAE}.Debug|Any CPU.ActiveCfg = Debug|Any CPU
		{898A24A8-6F71-40AC-8DCB-5D4F6C26DAAE}.Debug|Any CPU.Build.0 = Debug|Any CPU
		{898A24A8-6F71-40AC-8DCB-5D4F6C26DAAE}.Release|Any CPU.ActiveCfg = Release|Any CPU
		{898A24A8-6F71-40AC-8DCB-5D4F6C26DAAE}.Release|Any CPU.Build.0 = Release|Any CPU
		{D4922F92-ADC1-405A-B08A-7DB89F0D391E}.Debug|Any CPU.ActiveCfg = Debug|Any CPU
		{D4922F92-ADC1-405A-B08A-7DB89F0D391E}.Debug|Any CPU.Build.0 = Debug|Any CPU
		{D4922F92-ADC1-405A-B08A-7DB89F0D391E}.Release|Any CPU.ActiveCfg = Release|Any CPU
		{D4922F92-ADC1-405A-B08A-7DB89F0D391E}.Release|Any CPU.Build.0 = Release|Any CPU
		{6C2AF157-9853-41C9-88B2-E97BED33A8FD}.Debug|Any CPU.ActiveCfg = Debug|Any CPU
		{6C2AF157-9853-41C9-88B2-E97BED33A8FD}.Debug|Any CPU.Build.0 = Debug|Any CPU
		{6C2AF157-9853-41C9-88B2-E97BED33A8FD}.Release|Any CPU.ActiveCfg = Release|Any CPU
		{6C2AF157-9853-41C9-88B2-E97BED33A8FD}.Release|Any CPU.Build.0 = Release|Any CPU
		{745014A1-3FC6-4E96-B1BB-109C47479E4A}.Debug|Any CPU.ActiveCfg = Debug|Any CPU
		{745014A1-3FC6-4E96-B1BB-109C47479E4A}.Debug|Any CPU.Build.0 = Debug|Any CPU
		{745014A1-3FC6-4E96-B1BB-109C47479E4A}.Release|Any CPU.ActiveCfg = Release|Any CPU
		{745014A1-3FC6-4E96-B1BB-109C47479E4A}.Release|Any CPU.Build.0 = Release|Any CPU
	EndGlobalSection
	GlobalSection(SolutionProperties) = preSolution
		HideSolutionNode = FALSE
	EndGlobalSection
	GlobalSection(ExtensibilityGlobals) = postSolution
		SolutionGuid = {3FCFA274-3E3B-4D08-A27F-84D67F0BE171}
	EndGlobalSection
EndGlobal
